
Microsoft Visual Studio Solution File, Format Version 12.00
# Visual Studio Version 16
VisualStudioVersion = 16.0.31702.278
MinimumVisualStudioVersion = 10.0.40219.1
Project("{8BC9CEB8-8B4A-11D0-8D11-00A0C91BC942}") = "REPL_CPP_DB_MAIN", "REPL_CPP_DB_MAIN.vcxproj", "{88B467E9-050B-463D-AA57-9599FCE17118}"
EndProject
Global
	GlobalSection(SolutionConfigurationPlatforms) = preSolution
		Debug|x64 = Debug|x64
		Debug|x86 = Debug|x86
		Release|x64 = Release|x64
		Release|x86 = Release|x86
	EndGlobalSection
	GlobalSection(ProjectConfigurationPlatforms) = postSolution
		{88B467E9-050B-463D-AA57-9599FCE17118}.Debug|x64.ActiveCfg = Debug|x64
		{88B467E9-050B-463D-AA57-9599FCE17118}.Debug|x64.Build.0 = Debug|x64
		{88B467E9-050B-463D-AA57-9599FCE17118}.Debug|x86.ActiveCfg = Debug|Win32
		{88B467E9-050B-463D-AA57-9599FCE17118}.Debug|x86.Build.0 = Debug|Win32
		{88B467E9-050B-463D-AA57-9599FCE17118}.Release|x64.ActiveCfg = Release|x64
		{88B467E9-050B-463D-AA57-9599FCE17118}.Release|x64.Build.0 = Release|x64
		{88B467E9-050B-463D-AA57-9599FCE17118}.Release|x86.ActiveCfg = Release|Win32
		{88B467E9-050B-463D-AA57-9599FCE17118}.Release|x86.Build.0 = Release|Win32
	EndGlobalSection
	GlobalSection(SolutionProperties) = preSolution
		HideSolutionNode = FALSE
	EndGlobalSection
	GlobalSection(ExtensibilityGlobals) = postSolution
		SolutionGuid = {36463B0F-54A5-4567-9587-436E393B8115}
	EndGlobalSection
EndGlobal
